// !$*UTF8*$!
{
	archiveVersion = 1;
	classes = {
	};
	objectVersion = 56;
	objects = {

/* Begin PBXBuildFile section */
		A136BE1C2A241ECD00B2805F /* MC2KuraKuraApp.swift in Sources */ = {isa = PBXBuildFile; fileRef = A136BE1B2A241ECD00B2805F /* MC2KuraKuraApp.swift */; };
		A136BE1E2A241ECD00B2805F /* ContentView.swift in Sources */ = {isa = PBXBuildFile; fileRef = A136BE1D2A241ECD00B2805F /* ContentView.swift */; };
		A136BE202A241ECE00B2805F /* Assets.xcassets in Resources */ = {isa = PBXBuildFile; fileRef = A136BE1F2A241ECE00B2805F /* Assets.xcassets */; };
		A136BE232A241ECE00B2805F /* Preview Assets.xcassets in Resources */ = {isa = PBXBuildFile; fileRef = A136BE222A241ECE00B2805F /* Preview Assets.xcassets */; };
		A1B474082A24217D005ABCB5 /* Injection.swift in Sources */ = {isa = PBXBuildFile; fileRef = A1B474072A24217D005ABCB5 /* Injection.swift */; };
		A1B4740C2A2426F0005ABCB5 /* Alamofire in Frameworks */ = {isa = PBXBuildFile; productRef = A1B4740B2A2426F0005ABCB5 /* Alamofire */; };
		A1B474122A242782005ABCB5 /* RemoteDataSource.swift in Sources */ = {isa = PBXBuildFile; fileRef = A1B474112A242782005ABCB5 /* RemoteDataSource.swift */; };
		A1B474152A242A4D005ABCB5 /* CustomError+Ext.swift in Sources */ = {isa = PBXBuildFile; fileRef = A1B474142A242A4D005ABCB5 /* CustomError+Ext.swift */; };
		A1B474182A242AC8005ABCB5 /* Color+Ext.swift in Sources */ = {isa = PBXBuildFile; fileRef = A1B474172A242AC8005ABCB5 /* Color+Ext.swift */; };
		A1B474272A256CBB005ABCB5 /* .swiftlint.yml in Resources */ = {isa = PBXBuildFile; fileRef = A1B474262A256CBB005ABCB5 /* .swiftlint.yml */; };
		A1B474292A2572F8005ABCB5 /* OnboardingView.swift in Sources */ = {isa = PBXBuildFile; fileRef = A1B474282A2572F8005ABCB5 /* OnboardingView.swift */; };
		A1B4742B2A257CE9005ABCB5 /* OnboardingPresenter.swift in Sources */ = {isa = PBXBuildFile; fileRef = A1B4742A2A257CE9005ABCB5 /* OnboardingPresenter.swift */; };
		A1B4742F2A257FE3005ABCB5 /* OnboardingTextModel.swift in Sources */ = {isa = PBXBuildFile; fileRef = A1B4742E2A257FE3005ABCB5 /* OnboardingTextModel.swift */; };
		A1B474312A26BB11005ABCB5 /* MeetingModel.swift in Sources */ = {isa = PBXBuildFile; fileRef = A1B474302A26BB11005ABCB5 /* MeetingModel.swift */; };
		A1B474332A26BC7F005ABCB5 /* OnboardingInteractor.swift in Sources */ = {isa = PBXBuildFile; fileRef = A1B474322A26BC7F005ABCB5 /* OnboardingInteractor.swift */; };
		A1B474352A26BD74005ABCB5 /* AuthRepository.swift in Sources */ = {isa = PBXBuildFile; fileRef = A1B474342A26BD74005ABCB5 /* AuthRepository.swift */; };
		A1B474372A26C033005ABCB5 /* APICall.swift in Sources */ = {isa = PBXBuildFile; fileRef = A1B474362A26C033005ABCB5 /* APICall.swift */; };
		A1B474392A26C20D005ABCB5 /* UserModel.swift in Sources */ = {isa = PBXBuildFile; fileRef = A1B474382A26C20D005ABCB5 /* UserModel.swift */; };
/* End PBXBuildFile section */

/* Begin PBXFileReference section */
		A136BE182A241ECD00B2805F /* MC2KuraKura.app */ = {isa = PBXFileReference; explicitFileType = wrapper.application; includeInIndex = 0; path = MC2KuraKura.app; sourceTree = BUILT_PRODUCTS_DIR; };
		A136BE1B2A241ECD00B2805F /* MC2KuraKuraApp.swift */ = {isa = PBXFileReference; lastKnownFileType = sourcecode.swift; path = MC2KuraKuraApp.swift; sourceTree = "<group>"; };
		A136BE1D2A241ECD00B2805F /* ContentView.swift */ = {isa = PBXFileReference; lastKnownFileType = sourcecode.swift; path = ContentView.swift; sourceTree = "<group>"; };
		A136BE1F2A241ECE00B2805F /* Assets.xcassets */ = {isa = PBXFileReference; lastKnownFileType = folder.assetcatalog; path = Assets.xcassets; sourceTree = "<group>"; };
		A136BE222A241ECE00B2805F /* Preview Assets.xcassets */ = {isa = PBXFileReference; lastKnownFileType = folder.assetcatalog; path = "Preview Assets.xcassets"; sourceTree = "<group>"; };
		A1B474072A24217D005ABCB5 /* Injection.swift */ = {isa = PBXFileReference; lastKnownFileType = sourcecode.swift; path = Injection.swift; sourceTree = "<group>"; };
		A1B474112A242782005ABCB5 /* RemoteDataSource.swift */ = {isa = PBXFileReference; lastKnownFileType = sourcecode.swift; path = RemoteDataSource.swift; sourceTree = "<group>"; };
		A1B474142A242A4D005ABCB5 /* CustomError+Ext.swift */ = {isa = PBXFileReference; lastKnownFileType = sourcecode.swift; path = "CustomError+Ext.swift"; sourceTree = "<group>"; };
		A1B474172A242AC8005ABCB5 /* Color+Ext.swift */ = {isa = PBXFileReference; lastKnownFileType = sourcecode.swift; path = "Color+Ext.swift"; sourceTree = "<group>"; };
		A1B474262A256CBB005ABCB5 /* .swiftlint.yml */ = {isa = PBXFileReference; lastKnownFileType = text.yaml; path = .swiftlint.yml; sourceTree = "<group>"; };
		A1B474282A2572F8005ABCB5 /* OnboardingView.swift */ = {isa = PBXFileReference; lastKnownFileType = sourcecode.swift; path = OnboardingView.swift; sourceTree = "<group>"; };
		A1B4742A2A257CE9005ABCB5 /* OnboardingPresenter.swift */ = {isa = PBXFileReference; lastKnownFileType = sourcecode.swift; path = OnboardingPresenter.swift; sourceTree = "<group>"; };
		A1B4742E2A257FE3005ABCB5 /* OnboardingTextModel.swift */ = {isa = PBXFileReference; lastKnownFileType = sourcecode.swift; path = OnboardingTextModel.swift; sourceTree = "<group>"; };
		A1B474302A26BB11005ABCB5 /* MeetingModel.swift */ = {isa = PBXFileReference; lastKnownFileType = sourcecode.swift; path = MeetingModel.swift; sourceTree = "<group>"; };
		A1B474322A26BC7F005ABCB5 /* OnboardingInteractor.swift */ = {isa = PBXFileReference; lastKnownFileType = sourcecode.swift; path = OnboardingInteractor.swift; sourceTree = "<group>"; };
		A1B474342A26BD74005ABCB5 /* AuthRepository.swift */ = {isa = PBXFileReference; lastKnownFileType = sourcecode.swift; path = AuthRepository.swift; sourceTree = "<group>"; };
		A1B474362A26C033005ABCB5 /* APICall.swift */ = {isa = PBXFileReference; lastKnownFileType = sourcecode.swift; path = APICall.swift; sourceTree = "<group>"; };
		A1B474382A26C20D005ABCB5 /* UserModel.swift */ = {isa = PBXFileReference; lastKnownFileType = sourcecode.swift; path = UserModel.swift; sourceTree = "<group>"; };
/* End PBXFileReference section */

/* Begin PBXFrameworksBuildPhase section */
		A136BE152A241ECD00B2805F /* Frameworks */ = {
			isa = PBXFrameworksBuildPhase;
			buildActionMask = 2147483647;
			files = (
				A1B4740C2A2426F0005ABCB5 /* Alamofire in Frameworks */,
			);
			runOnlyForDeploymentPostprocessing = 0;
		};
/* End PBXFrameworksBuildPhase section */

/* Begin PBXGroup section */
		A136BE0F2A241ECD00B2805F = {
			isa = PBXGroup;
			children = (
				A1B474262A256CBB005ABCB5 /* .swiftlint.yml */,
				A136BE1A2A241ECD00B2805F /* MC2KuraKura */,
				A136BE192A241ECD00B2805F /* Products */,
			);
			sourceTree = "<group>";
		};
		A136BE192A241ECD00B2805F /* Products */ = {
			isa = PBXGroup;
			children = (
				A136BE182A241ECD00B2805F /* MC2KuraKura.app */,
			);
			name = Products;
			sourceTree = "<group>";
		};
		A136BE1A2A241ECD00B2805F /* MC2KuraKura */ = {
			isa = PBXGroup;
			children = (
				A1B474002A2420BC005ABCB5 /* App */,
				A1B474012A2420C3005ABCB5 /* Core */,
				A1B474022A2420C9005ABCB5 /* Module */,
				A1B474092A242207005ABCB5 /* Supporting Files */,
				A136BE212A241ECE00B2805F /* Preview Content */,
			);
			path = MC2KuraKura;
			sourceTree = "<group>";
		};
		A136BE212A241ECE00B2805F /* Preview Content */ = {
			isa = PBXGroup;
			children = (
				A136BE222A241ECE00B2805F /* Preview Assets.xcassets */,
			);
			path = "Preview Content";
			sourceTree = "<group>";
		};
		A1B474002A2420BC005ABCB5 /* App */ = {
			isa = PBXGroup;
			children = (
				A136BE1B2A241ECD00B2805F /* MC2KuraKuraApp.swift */,
				A136BE1D2A241ECD00B2805F /* ContentView.swift */,
			);
			path = App;
			sourceTree = "<group>";
		};
		A1B474012A2420C3005ABCB5 /* Core */ = {
			isa = PBXGroup;
			children = (
				A1B474032A2420E6005ABCB5 /* Data */,
				A1B474052A2420F4005ABCB5 /* Domain */,
				A1B474042A2420EE005ABCB5 /* DI */,
				A1B474062A2420F9005ABCB5 /* Utils */,
			);
			path = Core;
			sourceTree = "<group>";
		};
		A1B474022A2420C9005ABCB5 /* Module */ = {
			isa = PBXGroup;
			children = (
				A1B4740E2A2426FF005ABCB5 /* Auth */,
				A1B4740F2A242709005ABCB5 /* Detail */,
				A1B4740D2A2426F9005ABCB5 /* Home */,
			);
			path = Module;
			sourceTree = "<group>";
		};
		A1B474032A2420E6005ABCB5 /* Data */ = {
			isa = PBXGroup;
			children = (
				A1B474102A24276B005ABCB5 /* Remote */,
				A1B474342A26BD74005ABCB5 /* AuthRepository.swift */,
			);
			path = Data;
			sourceTree = "<group>";
		};
		A1B474042A2420EE005ABCB5 /* DI */ = {
			isa = PBXGroup;
			children = (
				A1B474072A24217D005ABCB5 /* Injection.swift */,
			);
			path = DI;
			sourceTree = "<group>";
		};
		A1B474052A2420F4005ABCB5 /* Domain */ = {
			isa = PBXGroup;
			children = (
				A1B4742C2A257F97005ABCB5 /* Model */,
				A1B4742D2A257F9F005ABCB5 /* Usecase */,
			);
			path = Domain;
			sourceTree = "<group>";
		};
		A1B474062A2420F9005ABCB5 /* Utils */ = {
			isa = PBXGroup;
			children = (
				A1B474132A242A37005ABCB5 /* Extensions */,
				A1B474192A242AED005ABCB5 /* Mapper */,
				A1B4741A2A242AF2005ABCB5 /* Network */,
			);
			path = Utils;
			sourceTree = "<group>";
		};
		A1B474092A242207005ABCB5 /* Supporting Files */ = {
			isa = PBXGroup;
			children = (
				A136BE1F2A241ECE00B2805F /* Assets.xcassets */,
			);
			path = "Supporting Files";
			sourceTree = "<group>";
		};
		A1B4740D2A2426F9005ABCB5 /* Home */ = {
			isa = PBXGroup;
			children = (
				A1B4741B2A242B24005ABCB5 /* Presenter */,
				A1B4741C2A242B2C005ABCB5 /* Router */,
				A1B4741D2A242B31005ABCB5 /* View */,
			);
			path = Home;
			sourceTree = "<group>";
		};
		A1B4740E2A2426FF005ABCB5 /* Auth */ = {
			isa = PBXGroup;
			children = (
				A1B474232A242B64005ABCB5 /* Presenter */,
				A1B474222A242B60005ABCB5 /* Router */,
				A1B474212A242B59005ABCB5 /* View */,
			);
			path = Auth;
			sourceTree = "<group>";
		};
		A1B4740F2A242709005ABCB5 /* Detail */ = {
			isa = PBXGroup;
			children = (
				A1B4741E2A242B45005ABCB5 /* Presenter */,
				A1B474202A242B4E005ABCB5 /* Router */,
				A1B4741F2A242B4B005ABCB5 /* View */,
			);
			path = Detail;
			sourceTree = "<group>";
		};
		A1B474102A24276B005ABCB5 /* Remote */ = {
			isa = PBXGroup;
			children = (
				A1B474112A242782005ABCB5 /* RemoteDataSource.swift */,
			);
			path = Remote;
			sourceTree = "<group>";
		};
		A1B474132A242A37005ABCB5 /* Extensions */ = {
			isa = PBXGroup;
			children = (
				A1B474142A242A4D005ABCB5 /* CustomError+Ext.swift */,
				A1B474172A242AC8005ABCB5 /* Color+Ext.swift */,
			);
			path = Extensions;
			sourceTree = "<group>";
		};
		A1B474192A242AED005ABCB5 /* Mapper */ = {
			isa = PBXGroup;
			children = (
			);
			path = Mapper;
			sourceTree = "<group>";
		};
		A1B4741A2A242AF2005ABCB5 /* Network */ = {
			isa = PBXGroup;
			children = (
				A1B474362A26C033005ABCB5 /* APICall.swift */,
			);
			path = Network;
			sourceTree = "<group>";
		};
		A1B4741B2A242B24005ABCB5 /* Presenter */ = {
			isa = PBXGroup;
			children = (
			);
			path = Presenter;
			sourceTree = "<group>";
		};
		A1B4741C2A242B2C005ABCB5 /* Router */ = {
			isa = PBXGroup;
			children = (
			);
			path = Router;
			sourceTree = "<group>";
		};
		A1B4741D2A242B31005ABCB5 /* View */ = {
			isa = PBXGroup;
			children = (
			);
			path = View;
			sourceTree = "<group>";
		};
		A1B4741E2A242B45005ABCB5 /* Presenter */ = {
			isa = PBXGroup;
			children = (
			);
			path = Presenter;
			sourceTree = "<group>";
		};
		A1B4741F2A242B4B005ABCB5 /* View */ = {
			isa = PBXGroup;
			children = (
			);
			path = View;
			sourceTree = "<group>";
		};
		A1B474202A242B4E005ABCB5 /* Router */ = {
			isa = PBXGroup;
			children = (
			);
			path = Router;
			sourceTree = "<group>";
		};
		A1B474212A242B59005ABCB5 /* View */ = {
			isa = PBXGroup;
			children = (
				A1B474282A2572F8005ABCB5 /* OnboardingView.swift */,
			);
			path = View;
			sourceTree = "<group>";
		};
		A1B474222A242B60005ABCB5 /* Router */ = {
			isa = PBXGroup;
			children = (
			);
			path = Router;
			sourceTree = "<group>";
		};
		A1B474232A242B64005ABCB5 /* Presenter */ = {
			isa = PBXGroup;
			children = (
				A1B4742A2A257CE9005ABCB5 /* OnboardingPresenter.swift */,
			);
			path = Presenter;
			sourceTree = "<group>";
		};
		A1B4742C2A257F97005ABCB5 /* Model */ = {
			isa = PBXGroup;
			children = (
				A1B4742E2A257FE3005ABCB5 /* OnboardingTextModel.swift */,
				A1B474302A26BB11005ABCB5 /* MeetingModel.swift */,
				A1B474382A26C20D005ABCB5 /* UserModel.swift */,
			);
			path = Model;
			sourceTree = "<group>";
		};
		A1B4742D2A257F9F005ABCB5 /* Usecase */ = {
			isa = PBXGroup;
			children = (
				A1B474322A26BC7F005ABCB5 /* OnboardingInteractor.swift */,
			);
			path = Usecase;
			sourceTree = "<group>";
		};
/* End PBXGroup section */

/* Begin PBXNativeTarget section */
		A136BE172A241ECD00B2805F /* MC2KuraKura */ = {
			isa = PBXNativeTarget;
			buildConfigurationList = A136BE262A241ECE00B2805F /* Build configuration list for PBXNativeTarget "MC2KuraKura" */;
			buildPhases = (
				A136BE142A241ECD00B2805F /* Sources */,
				A136BE152A241ECD00B2805F /* Frameworks */,
				A136BE162A241ECD00B2805F /* Resources */,
				A136BE292A241ED700B2805F /* ShellScript */,
			);
			buildRules = (
			);
			dependencies = (
			);
			name = MC2KuraKura;
			packageProductDependencies = (
				A1B4740B2A2426F0005ABCB5 /* Alamofire */,
			);
			productName = MC2KuraKura;
			productReference = A136BE182A241ECD00B2805F /* MC2KuraKura.app */;
			productType = "com.apple.product-type.application";
		};
/* End PBXNativeTarget section */

/* Begin PBXProject section */
		A136BE102A241ECD00B2805F /* Project object */ = {
			isa = PBXProject;
			attributes = {
				BuildIndependentTargetsInParallel = 1;
				LastSwiftUpdateCheck = 1430;
				LastUpgradeCheck = 1430;
				TargetAttributes = {
					A136BE172A241ECD00B2805F = {
						CreatedOnToolsVersion = 14.3;
					};
				};
			};
			buildConfigurationList = A136BE132A241ECD00B2805F /* Build configuration list for PBXProject "MC2KuraKura" */;
			compatibilityVersion = "Xcode 14.0";
			developmentRegion = en;
			hasScannedForEncodings = 0;
			knownRegions = (
				en,
				Base,
			);
			mainGroup = A136BE0F2A241ECD00B2805F;
			packageReferences = (
				A1B4740A2A2426F0005ABCB5 /* XCRemoteSwiftPackageReference "Alamofire" */,
			);
			productRefGroup = A136BE192A241ECD00B2805F /* Products */;
			projectDirPath = "";
			projectRoot = "";
			targets = (
				A136BE172A241ECD00B2805F /* MC2KuraKura */,
			);
		};
/* End PBXProject section */

/* Begin PBXResourcesBuildPhase section */
		A136BE162A241ECD00B2805F /* Resources */ = {
			isa = PBXResourcesBuildPhase;
			buildActionMask = 2147483647;
			files = (
				A1B474272A256CBB005ABCB5 /* .swiftlint.yml in Resources */,
				A136BE232A241ECE00B2805F /* Preview Assets.xcassets in Resources */,
				A136BE202A241ECE00B2805F /* Assets.xcassets in Resources */,
			);
			runOnlyForDeploymentPostprocessing = 0;
		};
/* End PBXResourcesBuildPhase section */

/* Begin PBXShellScriptBuildPhase section */
		A136BE292A241ED700B2805F /* ShellScript */ = {
			isa = PBXShellScriptBuildPhase;
			buildActionMask = 2147483647;
			files = (
			);
			inputFileListPaths = (
			);
			inputPaths = (
			);
			outputFileListPaths = (
			);
			outputPaths = (
			);
			runOnlyForDeploymentPostprocessing = 0;
			shellPath = /bin/sh;
			shellScript = "# Type a script or drag a script file from your workspace to insert its path.\nif [[ \"$(uname -m)\" == arm64 ]]; then\n    export PATH=\"/opt/homebrew/bin:$PATH\"\nfi\n\n\n\nif which swiftlint >/dev/null; then \n  swiftlint \nelse \n  echo \"warning: SwiftLint not installed, download from https://github.com/realm/SwiftLint\" \nfi\n";
		};
/* End PBXShellScriptBuildPhase section */

/* Begin PBXSourcesBuildPhase section */
		A136BE142A241ECD00B2805F /* Sources */ = {
			isa = PBXSourcesBuildPhase;
			buildActionMask = 2147483647;
			files = (
				A1B474152A242A4D005ABCB5 /* CustomError+Ext.swift in Sources */,
				A1B474332A26BC7F005ABCB5 /* OnboardingInteractor.swift in Sources */,
				A1B474292A2572F8005ABCB5 /* OnboardingView.swift in Sources */,
				A1B474122A242782005ABCB5 /* RemoteDataSource.swift in Sources */,
				A1B474082A24217D005ABCB5 /* Injection.swift in Sources */,
				A1B4742F2A257FE3005ABCB5 /* OnboardingTextModel.swift in Sources */,
				A1B474392A26C20D005ABCB5 /* UserModel.swift in Sources */,
				A1B474312A26BB11005ABCB5 /* MeetingModel.swift in Sources */,
				A136BE1E2A241ECD00B2805F /* ContentView.swift in Sources */,
				A136BE1C2A241ECD00B2805F /* MC2KuraKuraApp.swift in Sources */,
				A1B474352A26BD74005ABCB5 /* AuthRepository.swift in Sources */,
				A1B474182A242AC8005ABCB5 /* Color+Ext.swift in Sources */,
				A1B4742B2A257CE9005ABCB5 /* OnboardingPresenter.swift in Sources */,
				A1B474372A26C033005ABCB5 /* APICall.swift in Sources */,
			);
			runOnlyForDeploymentPostprocessing = 0;
		};
/* End PBXSourcesBuildPhase section */

/* Begin XCBuildConfiguration section */
		A136BE242A241ECE00B2805F /* Debug */ = {
			isa = XCBuildConfiguration;
			buildSettings = {
				ALWAYS_SEARCH_USER_PATHS = NO;
				CLANG_ANALYZER_NONNULL = YES;
				CLANG_ANALYZER_NUMBER_OBJECT_CONVERSION = YES_AGGRESSIVE;
				CLANG_CXX_LANGUAGE_STANDARD = "gnu++20";
				CLANG_ENABLE_MODULES = YES;
				CLANG_ENABLE_OBJC_ARC = YES;
				CLANG_ENABLE_OBJC_WEAK = YES;
				CLANG_WARN_BLOCK_CAPTURE_AUTORELEASING = YES;
				CLANG_WARN_BOOL_CONVERSION = YES;
				CLANG_WARN_COMMA = YES;
				CLANG_WARN_CONSTANT_CONVERSION = YES;
				CLANG_WARN_DEPRECATED_OBJC_IMPLEMENTATIONS = YES;
				CLANG_WARN_DIRECT_OBJC_ISA_USAGE = YES_ERROR;
				CLANG_WARN_DOCUMENTATION_COMMENTS = YES;
				CLANG_WARN_EMPTY_BODY = YES;
				CLANG_WARN_ENUM_CONVERSION = YES;
				CLANG_WARN_INFINITE_RECURSION = YES;
				CLANG_WARN_INT_CONVERSION = YES;
				CLANG_WARN_NON_LITERAL_NULL_CONVERSION = YES;
				CLANG_WARN_OBJC_IMPLICIT_RETAIN_SELF = YES;
				CLANG_WARN_OBJC_LITERAL_CONVERSION = YES;
				CLANG_WARN_OBJC_ROOT_CLASS = YES_ERROR;
				CLANG_WARN_QUOTED_INCLUDE_IN_FRAMEWORK_HEADER = YES;
				CLANG_WARN_RANGE_LOOP_ANALYSIS = YES;
				CLANG_WARN_STRICT_PROTOTYPES = YES;
				CLANG_WARN_SUSPICIOUS_MOVE = YES;
				CLANG_WARN_UNGUARDED_AVAILABILITY = YES_AGGRESSIVE;
				CLANG_WARN_UNREACHABLE_CODE = YES;
				CLANG_WARN__DUPLICATE_METHOD_MATCH = YES;
				COPY_PHASE_STRIP = NO;
				DEBUG_INFORMATION_FORMAT = dwarf;
				ENABLE_STRICT_OBJC_MSGSEND = YES;
				ENABLE_TESTABILITY = YES;
				GCC_C_LANGUAGE_STANDARD = gnu11;
				GCC_DYNAMIC_NO_PIC = NO;
				GCC_NO_COMMON_BLOCKS = YES;
				GCC_OPTIMIZATION_LEVEL = 0;
				GCC_PREPROCESSOR_DEFINITIONS = (
					"DEBUG=1",
					"$(inherited)",
				);
				GCC_WARN_64_TO_32_BIT_CONVERSION = YES;
				GCC_WARN_ABOUT_RETURN_TYPE = YES_ERROR;
				GCC_WARN_UNDECLARED_SELECTOR = YES;
				GCC_WARN_UNINITIALIZED_AUTOS = YES_AGGRESSIVE;
				GCC_WARN_UNUSED_FUNCTION = YES;
				GCC_WARN_UNUSED_VARIABLE = YES;
				IPHONEOS_DEPLOYMENT_TARGET = 16.4;
				MTL_ENABLE_DEBUG_INFO = INCLUDE_SOURCE;
				MTL_FAST_MATH = YES;
				ONLY_ACTIVE_ARCH = YES;
				SDKROOT = iphoneos;
				SWIFT_ACTIVE_COMPILATION_CONDITIONS = DEBUG;
				SWIFT_OPTIMIZATION_LEVEL = "-Onone";
			};
			name = Debug;
		};
		A136BE252A241ECE00B2805F /* Release */ = {
			isa = XCBuildConfiguration;
			buildSettings = {
				ALWAYS_SEARCH_USER_PATHS = NO;
				CLANG_ANALYZER_NONNULL = YES;
				CLANG_ANALYZER_NUMBER_OBJECT_CONVERSION = YES_AGGRESSIVE;
				CLANG_CXX_LANGUAGE_STANDARD = "gnu++20";
				CLANG_ENABLE_MODULES = YES;
				CLANG_ENABLE_OBJC_ARC = YES;
				CLANG_ENABLE_OBJC_WEAK = YES;
				CLANG_WARN_BLOCK_CAPTURE_AUTORELEASING = YES;
				CLANG_WARN_BOOL_CONVERSION = YES;
				CLANG_WARN_COMMA = YES;
				CLANG_WARN_CONSTANT_CONVERSION = YES;
				CLANG_WARN_DEPRECATED_OBJC_IMPLEMENTATIONS = YES;
				CLANG_WARN_DIRECT_OBJC_ISA_USAGE = YES_ERROR;
				CLANG_WARN_DOCUMENTATION_COMMENTS = YES;
				CLANG_WARN_EMPTY_BODY = YES;
				CLANG_WARN_ENUM_CONVERSION = YES;
				CLANG_WARN_INFINITE_RECURSION = YES;
				CLANG_WARN_INT_CONVERSION = YES;
				CLANG_WARN_NON_LITERAL_NULL_CONVERSION = YES;
				CLANG_WARN_OBJC_IMPLICIT_RETAIN_SELF = YES;
				CLANG_WARN_OBJC_LITERAL_CONVERSION = YES;
				CLANG_WARN_OBJC_ROOT_CLASS = YES_ERROR;
				CLANG_WARN_QUOTED_INCLUDE_IN_FRAMEWORK_HEADER = YES;
				CLANG_WARN_RANGE_LOOP_ANALYSIS = YES;
				CLANG_WARN_STRICT_PROTOTYPES = YES;
				CLANG_WARN_SUSPICIOUS_MOVE = YES;
				CLANG_WARN_UNGUARDED_AVAILABILITY = YES_AGGRESSIVE;
				CLANG_WARN_UNREACHABLE_CODE = YES;
				CLANG_WARN__DUPLICATE_METHOD_MATCH = YES;
				COPY_PHASE_STRIP = NO;
				DEBUG_INFORMATION_FORMAT = "dwarf-with-dsym";
				ENABLE_NS_ASSERTIONS = NO;
				ENABLE_STRICT_OBJC_MSGSEND = YES;
				GCC_C_LANGUAGE_STANDARD = gnu11;
				GCC_NO_COMMON_BLOCKS = YES;
				GCC_WARN_64_TO_32_BIT_CONVERSION = YES;
				GCC_WARN_ABOUT_RETURN_TYPE = YES_ERROR;
				GCC_WARN_UNDECLARED_SELECTOR = YES;
				GCC_WARN_UNINITIALIZED_AUTOS = YES_AGGRESSIVE;
				GCC_WARN_UNUSED_FUNCTION = YES;
				GCC_WARN_UNUSED_VARIABLE = YES;
				IPHONEOS_DEPLOYMENT_TARGET = 16.4;
				MTL_ENABLE_DEBUG_INFO = NO;
				MTL_FAST_MATH = YES;
				SDKROOT = iphoneos;
				SWIFT_COMPILATION_MODE = wholemodule;
				SWIFT_OPTIMIZATION_LEVEL = "-O";
				VALIDATE_PRODUCT = YES;
			};
			name = Release;
		};
		A136BE272A241ECE00B2805F /* Debug */ = {
			isa = XCBuildConfiguration;
			buildSettings = {
				ASSETCATALOG_COMPILER_APPICON_NAME = AppIcon;
				ASSETCATALOG_COMPILER_GLOBAL_ACCENT_COLOR_NAME = AccentColor;
				CODE_SIGN_STYLE = Automatic;
				CURRENT_PROJECT_VERSION = 1;
				DEVELOPMENT_ASSET_PATHS = "\"MC2KuraKura/Preview Content\"";
				DEVELOPMENT_TEAM = TRT66C4U5G;
				ENABLE_PREVIEWS = YES;
				GENERATE_INFOPLIST_FILE = YES;
				INFOPLIST_KEY_UIApplicationSceneManifest_Generation = YES;
				INFOPLIST_KEY_UIApplicationSupportsIndirectInputEvents = YES;
				INFOPLIST_KEY_UILaunchScreen_Generation = YES;
				INFOPLIST_KEY_UISupportedInterfaceOrientations_iPad = "UIInterfaceOrientationPortrait UIInterfaceOrientationPortraitUpsideDown UIInterfaceOrientationLandscapeLeft UIInterfaceOrientationLandscapeRight";
				INFOPLIST_KEY_UISupportedInterfaceOrientations_iPhone = "UIInterfaceOrientationPortrait UIInterfaceOrientationLandscapeLeft UIInterfaceOrientationLandscapeRight";
				LD_RUNPATH_SEARCH_PATHS = (
					"$(inherited)",
					"@executable_path/Frameworks",
				);
				MARKETING_VERSION = 1.0;
				PRODUCT_BUNDLE_IDENTIFIER = com.alfyu.MC2KuraKura;
				PRODUCT_NAME = "$(TARGET_NAME)";
				SWIFT_EMIT_LOC_STRINGS = YES;
				SWIFT_VERSION = 5.0;
				TARGETED_DEVICE_FAMILY = "1,2";
			};
			name = Debug;
		};
		A136BE282A241ECE00B2805F /* Release */ = {
			isa = XCBuildConfiguration;
			buildSettings = {
				ASSETCATALOG_COMPILER_APPICON_NAME = AppIcon;
				ASSETCATALOG_COMPILER_GLOBAL_ACCENT_COLOR_NAME = AccentColor;
				CODE_SIGN_STYLE = Automatic;
				CURRENT_PROJECT_VERSION = 1;
				DEVELOPMENT_ASSET_PATHS = "\"MC2KuraKura/Preview Content\"";
				DEVELOPMENT_TEAM = TRT66C4U5G;
				ENABLE_PREVIEWS = YES;
				GENERATE_INFOPLIST_FILE = YES;
				INFOPLIST_KEY_UIApplicationSceneManifest_Generation = YES;
				INFOPLIST_KEY_UIApplicationSupportsIndirectInputEvents = YES;
				INFOPLIST_KEY_UILaunchScreen_Generation = YES;
				INFOPLIST_KEY_UISupportedInterfaceOrientations_iPad = "UIInterfaceOrientationPortrait UIInterfaceOrientationPortraitUpsideDown UIInterfaceOrientationLandscapeLeft UIInterfaceOrientationLandscapeRight";
				INFOPLIST_KEY_UISupportedInterfaceOrientations_iPhone = "UIInterfaceOrientationPortrait UIInterfaceOrientationLandscapeLeft UIInterfaceOrientationLandscapeRight";
				LD_RUNPATH_SEARCH_PATHS = (
					"$(inherited)",
					"@executable_path/Frameworks",
				);
				MARKETING_VERSION = 1.0;
				PRODUCT_BUNDLE_IDENTIFIER = com.alfyu.MC2KuraKura;
				PRODUCT_NAME = "$(TARGET_NAME)";
				SWIFT_EMIT_LOC_STRINGS = YES;
				SWIFT_VERSION = 5.0;
				TARGETED_DEVICE_FAMILY = "1,2";
			};
			name = Release;
		};
/* End XCBuildConfiguration section */

/* Begin XCConfigurationList section */
		A136BE132A241ECD00B2805F /* Build configuration list for PBXProject "MC2KuraKura" */ = {
			isa = XCConfigurationList;
			buildConfigurations = (
				A136BE242A241ECE00B2805F /* Debug */,
				A136BE252A241ECE00B2805F /* Release */,
			);
			defaultConfigurationIsVisible = 0;
			defaultConfigurationName = Release;
		};
		A136BE262A241ECE00B2805F /* Build configuration list for PBXNativeTarget "MC2KuraKura" */ = {
			isa = XCConfigurationList;
			buildConfigurations = (
				A136BE272A241ECE00B2805F /* Debug */,
				A136BE282A241ECE00B2805F /* Release */,
			);
			defaultConfigurationIsVisible = 0;
			defaultConfigurationName = Release;
		};
/* End XCConfigurationList section */

/* Begin XCRemoteSwiftPackageReference section */
		A1B4740A2A2426F0005ABCB5 /* XCRemoteSwiftPackageReference "Alamofire" */ = {
			isa = XCRemoteSwiftPackageReference;
			repositoryURL = "https://github.com/Alamofire/Alamofire.git";
			requirement = {
				kind = upToNextMajorVersion;
				minimumVersion = 5.0.0;
			};
		};
/* End XCRemoteSwiftPackageReference section */

/* Begin XCSwiftPackageProductDependency section */
		A1B4740B2A2426F0005ABCB5 /* Alamofire */ = {
			isa = XCSwiftPackageProductDependency;
			package = A1B4740A2A2426F0005ABCB5 /* XCRemoteSwiftPackageReference "Alamofire" */;
			productName = Alamofire;
		};
/* End XCSwiftPackageProductDependency section */
	};
	rootObject = A136BE102A241ECD00B2805F /* Project object */;
}
