// !$*UTF8*$!
{
	archiveVersion = 1;
	classes = {
	};
	objectVersion = 56;
	objects = {

/* Begin PBXBuildFile section */
		A136BE1C2A241ECD00B2805F /* MC2KuraKuraApp.swift in Sources */ = {isa = PBXBuildFile; fileRef = A136BE1B2A241ECD00B2805F /* MC2KuraKuraApp.swift */; };
		A136BE1E2A241ECD00B2805F /* ContentView.swift in Sources */ = {isa = PBXBuildFile; fileRef = A136BE1D2A241ECD00B2805F /* ContentView.swift */; };
		A136BE202A241ECE00B2805F /* Assets.xcassets in Resources */ = {isa = PBXBuildFile; fileRef = A136BE1F2A241ECE00B2805F /* Assets.xcassets */; };
		A136BE232A241ECE00B2805F /* Preview Assets.xcassets in Resources */ = {isa = PBXBuildFile; fileRef = A136BE222A241ECE00B2805F /* Preview Assets.xcassets */; };
		A167DF912A2C18CD00D97A78 /* AgendaFormCard.swift in Sources */ = {isa = PBXBuildFile; fileRef = A167DF902A2C18CD00D97A78 /* AgendaFormCard.swift */; };
		A17B6DB92A2B69450097400C /* CustomButton.swift in Sources */ = {isa = PBXBuildFile; fileRef = A17B6DB82A2B69450097400C /* CustomButton.swift */; };
		A17B6DBB2A2C15FE0097400C /* AgendaForm.swift in Sources */ = {isa = PBXBuildFile; fileRef = A17B6DBA2A2C15FE0097400C /* AgendaForm.swift */; };
		A1B474082A24217D005ABCB5 /* Injection.swift in Sources */ = {isa = PBXBuildFile; fileRef = A1B474072A24217D005ABCB5 /* Injection.swift */; };
		A1B4740C2A2426F0005ABCB5 /* Alamofire in Frameworks */ = {isa = PBXBuildFile; productRef = A1B4740B2A2426F0005ABCB5 /* Alamofire */; };
		A1B474122A242782005ABCB5 /* RemoteDataSource.swift in Sources */ = {isa = PBXBuildFile; fileRef = A1B474112A242782005ABCB5 /* RemoteDataSource.swift */; };
		A1B474152A242A4D005ABCB5 /* CustomError+Ext.swift in Sources */ = {isa = PBXBuildFile; fileRef = A1B474142A242A4D005ABCB5 /* CustomError+Ext.swift */; };
		A1B474182A242AC8005ABCB5 /* Color+Ext.swift in Sources */ = {isa = PBXBuildFile; fileRef = A1B474172A242AC8005ABCB5 /* Color+Ext.swift */; };
		A1B474272A256CBB005ABCB5 /* .swiftlint.yml in Resources */ = {isa = PBXBuildFile; fileRef = A1B474262A256CBB005ABCB5 /* .swiftlint.yml */; };
		A1B474292A2572F8005ABCB5 /* OnboardingView.swift in Sources */ = {isa = PBXBuildFile; fileRef = A1B474282A2572F8005ABCB5 /* OnboardingView.swift */; };
		A1B4742B2A257CE9005ABCB5 /* OnboardingPresenter.swift in Sources */ = {isa = PBXBuildFile; fileRef = A1B4742A2A257CE9005ABCB5 /* OnboardingPresenter.swift */; };
		A1B4742F2A257FE3005ABCB5 /* OnboardingTextModel.swift in Sources */ = {isa = PBXBuildFile; fileRef = A1B4742E2A257FE3005ABCB5 /* OnboardingTextModel.swift */; };
		A1B474312A26BB11005ABCB5 /* MeetingModel.swift in Sources */ = {isa = PBXBuildFile; fileRef = A1B474302A26BB11005ABCB5 /* MeetingModel.swift */; };
		A1B474332A26BC7F005ABCB5 /* OnboardingInteractor.swift in Sources */ = {isa = PBXBuildFile; fileRef = A1B474322A26BC7F005ABCB5 /* OnboardingInteractor.swift */; };
		A1B474352A26BD74005ABCB5 /* AuthRepository.swift in Sources */ = {isa = PBXBuildFile; fileRef = A1B474342A26BD74005ABCB5 /* AuthRepository.swift */; };
		A1B474372A26C033005ABCB5 /* APICall.swift in Sources */ = {isa = PBXBuildFile; fileRef = A1B474362A26C033005ABCB5 /* APICall.swift */; };
		A1B474392A26C20D005ABCB5 /* UserModel.swift in Sources */ = {isa = PBXBuildFile; fileRef = A1B474382A26C20D005ABCB5 /* UserModel.swift */; };
		A1B4743B2A26C6A5005ABCB5 /* OnboardingRouter.swift in Sources */ = {isa = PBXBuildFile; fileRef = A1B4743A2A26C6A5005ABCB5 /* OnboardingRouter.swift */; };
		A1B4743F2A26E30F005ABCB5 /* HomeView.swift in Sources */ = {isa = PBXBuildFile; fileRef = A1B4743E2A26E30F005ABCB5 /* HomeView.swift */; };
		A1B474472A28A5D5005ABCB5 /* Agenda.swift in Sources */ = {isa = PBXBuildFile; fileRef = A1B474462A28A5D5005ABCB5 /* Agenda.swift */; };
		A1B4744A2A28B0A7005ABCB5 /* MeetingCard.swift in Sources */ = {isa = PBXBuildFile; fileRef = A1B474492A28B0A7005ABCB5 /* MeetingCard.swift */; };
		A1B4744C2A298BF1005ABCB5 /* HomePresenter.swift in Sources */ = {isa = PBXBuildFile; fileRef = A1B4744B2A298BF1005ABCB5 /* HomePresenter.swift */; };
		A1B4744E2A298D05005ABCB5 /* HomeInteractor.swift in Sources */ = {isa = PBXBuildFile; fileRef = A1B4744D2A298D05005ABCB5 /* HomeInteractor.swift */; };
		A1B474502A298DCA005ABCB5 /* HomeRepository.swift in Sources */ = {isa = PBXBuildFile; fileRef = A1B4744F2A298DCA005ABCB5 /* HomeRepository.swift */; };
		A1B474522A299088005ABCB5 /* HomeRouter.swift in Sources */ = {isa = PBXBuildFile; fileRef = A1B474512A299088005ABCB5 /* HomeRouter.swift */; };
		A1B474582A29DF42005ABCB5 /* CodeTextFIeld.swift in Sources */ = {isa = PBXBuildFile; fileRef = A1B474572A29DF42005ABCB5 /* CodeTextFIeld.swift */; };
		A1B4745C2A2AAE53005ABCB5 /* DetailView.swift in Sources */ = {isa = PBXBuildFile; fileRef = A1B4745B2A2AAE53005ABCB5 /* DetailView.swift */; };
		A1B4745E2A2AAE7C005ABCB5 /* DetailRepository.swift in Sources */ = {isa = PBXBuildFile; fileRef = A1B4745D2A2AAE7C005ABCB5 /* DetailRepository.swift */; };
		A1B474602A2AB04E005ABCB5 /* DetailInteractor.swift in Sources */ = {isa = PBXBuildFile; fileRef = A1B4745F2A2AB04E005ABCB5 /* DetailInteractor.swift */; };
		A1B474622A2AB241005ABCB5 /* DetailPresenter.swift in Sources */ = {isa = PBXBuildFile; fileRef = A1B474612A2AB241005ABCB5 /* DetailPresenter.swift */; };
		A1B474642A2ABE91005ABCB5 /* ProfileImage.swift in Sources */ = {isa = PBXBuildFile; fileRef = A1B474632A2ABE91005ABCB5 /* ProfileImage.swift */; };
		A1B474662A2AC869005ABCB5 /* Date+Ext.swift in Sources */ = {isa = PBXBuildFile; fileRef = A1B474652A2AC869005ABCB5 /* Date+Ext.swift */; };
		A1B4746B2A2AD2F0005ABCB5 /* AgendaList.swift in Sources */ = {isa = PBXBuildFile; fileRef = A1B4746A2A2AD2F0005ABCB5 /* AgendaList.swift */; };
		A1B4746F2A2AD369005ABCB5 /* AgendaItem.swift in Sources */ = {isa = PBXBuildFile; fileRef = A1B4746E2A2AD369005ABCB5 /* AgendaItem.swift */; };
		A1B474712A2ADD0A005ABCB5 /* ManageParticipantSection.swift in Sources */ = {isa = PBXBuildFile; fileRef = A1B474702A2ADD0A005ABCB5 /* ManageParticipantSection.swift */; };
		A1B474732A2B23B0005ABCB5 /* DetailRouter.swift in Sources */ = {isa = PBXBuildFile; fileRef = A1B474722A2B23B0005ABCB5 /* DetailRouter.swift */; };
		A1B4747A2A2B2CA5005ABCB5 /* VoteRepository.swift in Sources */ = {isa = PBXBuildFile; fileRef = A1B474792A2B2CA5005ABCB5 /* VoteRepository.swift */; };
		A1B4747C2A2B2D24005ABCB5 /* VoteInteractor.swift in Sources */ = {isa = PBXBuildFile; fileRef = A1B4747B2A2B2D24005ABCB5 /* VoteInteractor.swift */; };
		A1B474852A2B3887005ABCB5 /* AddMeetingView.swift in Sources */ = {isa = PBXBuildFile; fileRef = A1B474842A2B3887005ABCB5 /* AddMeetingView.swift */; };
		A1B474872A2B38DB005ABCB5 /* AddMeetingPresenter.swift in Sources */ = {isa = PBXBuildFile; fileRef = A1B474862A2B38DB005ABCB5 /* AddMeetingPresenter.swift */; };
		A1B474892A2B38EE005ABCB5 /* AddMeetingRouter.swift in Sources */ = {isa = PBXBuildFile; fileRef = A1B474882A2B38EE005ABCB5 /* AddMeetingRouter.swift */; };
		A1B4748E2A2B44BF005ABCB5 /* MeetingForm.swift in Sources */ = {isa = PBXBuildFile; fileRef = A1B4748D2A2B44BF005ABCB5 /* MeetingForm.swift */; };
		A1CF00A12A2D8545003C82CD /* MeetingInteractor.swift in Sources */ = {isa = PBXBuildFile; fileRef = A1CF00A02A2D8545003C82CD /* MeetingInteractor.swift */; };
		A1CF00A32A2D8595003C82CD /* MeetingRepository.swift in Sources */ = {isa = PBXBuildFile; fileRef = A1CF00A22A2D8595003C82CD /* MeetingRepository.swift */; };
		A1CF00A52A2D8945003C82CD /* MeetingPresenter.swift in Sources */ = {isa = PBXBuildFile; fileRef = A1CF00A42A2D8945003C82CD /* MeetingPresenter.swift */; };
		A1CF00A72A2D89A8003C82CD /* MeetingRouter.swift in Sources */ = {isa = PBXBuildFile; fileRef = A1CF00A62A2D89A8003C82CD /* MeetingRouter.swift */; };
		A1DFF5AB2A2C9D1300117D9F /* MainView.swift in Sources */ = {isa = PBXBuildFile; fileRef = A1DFF5AA2A2C9D1300117D9F /* MainView.swift */; };
		A1DFF5AD2A2CA71400117D9F /* MeetingView.swift in Sources */ = {isa = PBXBuildFile; fileRef = A1DFF5AC2A2CA71400117D9F /* MeetingView.swift */; };
		A1DFF5B72A2CA7B600117D9F /* ProfileView.swift in Sources */ = {isa = PBXBuildFile; fileRef = A1DFF5B62A2CA7B600117D9F /* ProfileView.swift */; };
		A1F856E52A2C39980052760C /* NewMeetingDetail.swift in Sources */ = {isa = PBXBuildFile; fileRef = A1F856E42A2C39980052760C /* NewMeetingDetail.swift */; };
/* End PBXBuildFile section */

/* Begin PBXFileReference section */
		A136BE182A241ECD00B2805F /* MC2KuraKura.app */ = {isa = PBXFileReference; explicitFileType = wrapper.application; includeInIndex = 0; path = MC2KuraKura.app; sourceTree = BUILT_PRODUCTS_DIR; };
		A136BE1B2A241ECD00B2805F /* MC2KuraKuraApp.swift */ = {isa = PBXFileReference; lastKnownFileType = sourcecode.swift; path = MC2KuraKuraApp.swift; sourceTree = "<group>"; };
		A136BE1D2A241ECD00B2805F /* ContentView.swift */ = {isa = PBXFileReference; lastKnownFileType = sourcecode.swift; path = ContentView.swift; sourceTree = "<group>"; };
		A136BE1F2A241ECE00B2805F /* Assets.xcassets */ = {isa = PBXFileReference; lastKnownFileType = folder.assetcatalog; path = Assets.xcassets; sourceTree = "<group>"; };
		A136BE222A241ECE00B2805F /* Preview Assets.xcassets */ = {isa = PBXFileReference; lastKnownFileType = folder.assetcatalog; path = "Preview Assets.xcassets"; sourceTree = "<group>"; };
		A167DF902A2C18CD00D97A78 /* AgendaFormCard.swift */ = {isa = PBXFileReference; lastKnownFileType = sourcecode.swift; path = AgendaFormCard.swift; sourceTree = "<group>"; };
		A17B6DB82A2B69450097400C /* CustomButton.swift */ = {isa = PBXFileReference; lastKnownFileType = sourcecode.swift; path = CustomButton.swift; sourceTree = "<group>"; };
		A17B6DBA2A2C15FE0097400C /* AgendaForm.swift */ = {isa = PBXFileReference; lastKnownFileType = sourcecode.swift; path = AgendaForm.swift; sourceTree = "<group>"; };
		A1B474072A24217D005ABCB5 /* Injection.swift */ = {isa = PBXFileReference; lastKnownFileType = sourcecode.swift; path = Injection.swift; sourceTree = "<group>"; };
		A1B474112A242782005ABCB5 /* RemoteDataSource.swift */ = {isa = PBXFileReference; lastKnownFileType = sourcecode.swift; path = RemoteDataSource.swift; sourceTree = "<group>"; };
		A1B474142A242A4D005ABCB5 /* CustomError+Ext.swift */ = {isa = PBXFileReference; lastKnownFileType = sourcecode.swift; path = "CustomError+Ext.swift"; sourceTree = "<group>"; };
		A1B474172A242AC8005ABCB5 /* Color+Ext.swift */ = {isa = PBXFileReference; lastKnownFileType = sourcecode.swift; path = "Color+Ext.swift"; sourceTree = "<group>"; };
		A1B474262A256CBB005ABCB5 /* .swiftlint.yml */ = {isa = PBXFileReference; lastKnownFileType = text.yaml; path = .swiftlint.yml; sourceTree = "<group>"; };
		A1B474282A2572F8005ABCB5 /* OnboardingView.swift */ = {isa = PBXFileReference; lastKnownFileType = sourcecode.swift; path = OnboardingView.swift; sourceTree = "<group>"; };
		A1B4742A2A257CE9005ABCB5 /* OnboardingPresenter.swift */ = {isa = PBXFileReference; lastKnownFileType = sourcecode.swift; path = OnboardingPresenter.swift; sourceTree = "<group>"; };
		A1B4742E2A257FE3005ABCB5 /* OnboardingTextModel.swift */ = {isa = PBXFileReference; lastKnownFileType = sourcecode.swift; path = OnboardingTextModel.swift; sourceTree = "<group>"; };
		A1B474302A26BB11005ABCB5 /* MeetingModel.swift */ = {isa = PBXFileReference; lastKnownFileType = sourcecode.swift; path = MeetingModel.swift; sourceTree = "<group>"; };
		A1B474322A26BC7F005ABCB5 /* OnboardingInteractor.swift */ = {isa = PBXFileReference; lastKnownFileType = sourcecode.swift; path = OnboardingInteractor.swift; sourceTree = "<group>"; };
		A1B474342A26BD74005ABCB5 /* AuthRepository.swift */ = {isa = PBXFileReference; lastKnownFileType = sourcecode.swift; path = AuthRepository.swift; sourceTree = "<group>"; };
		A1B474362A26C033005ABCB5 /* APICall.swift */ = {isa = PBXFileReference; lastKnownFileType = sourcecode.swift; path = APICall.swift; sourceTree = "<group>"; };
		A1B474382A26C20D005ABCB5 /* UserModel.swift */ = {isa = PBXFileReference; lastKnownFileType = sourcecode.swift; path = UserModel.swift; sourceTree = "<group>"; };
		A1B4743A2A26C6A5005ABCB5 /* OnboardingRouter.swift */ = {isa = PBXFileReference; lastKnownFileType = sourcecode.swift; path = OnboardingRouter.swift; sourceTree = "<group>"; };
		A1B4743E2A26E30F005ABCB5 /* HomeView.swift */ = {isa = PBXFileReference; lastKnownFileType = sourcecode.swift; path = HomeView.swift; sourceTree = "<group>"; };
		A1B474462A28A5D5005ABCB5 /* Agenda.swift */ = {isa = PBXFileReference; lastKnownFileType = sourcecode.swift; path = Agenda.swift; sourceTree = "<group>"; };
		A1B474492A28B0A7005ABCB5 /* MeetingCard.swift */ = {isa = PBXFileReference; lastKnownFileType = sourcecode.swift; path = MeetingCard.swift; sourceTree = "<group>"; };
		A1B4744B2A298BF1005ABCB5 /* HomePresenter.swift */ = {isa = PBXFileReference; lastKnownFileType = sourcecode.swift; path = HomePresenter.swift; sourceTree = "<group>"; };
		A1B4744D2A298D05005ABCB5 /* HomeInteractor.swift */ = {isa = PBXFileReference; lastKnownFileType = sourcecode.swift; path = HomeInteractor.swift; sourceTree = "<group>"; };
		A1B4744F2A298DCA005ABCB5 /* HomeRepository.swift */ = {isa = PBXFileReference; lastKnownFileType = sourcecode.swift; path = HomeRepository.swift; sourceTree = "<group>"; };
		A1B474512A299088005ABCB5 /* HomeRouter.swift */ = {isa = PBXFileReference; lastKnownFileType = sourcecode.swift; path = HomeRouter.swift; sourceTree = "<group>"; };
		A1B474572A29DF42005ABCB5 /* CodeTextFIeld.swift */ = {isa = PBXFileReference; lastKnownFileType = sourcecode.swift; path = CodeTextFIeld.swift; sourceTree = "<group>"; };
		A1B4745B2A2AAE53005ABCB5 /* DetailView.swift */ = {isa = PBXFileReference; lastKnownFileType = sourcecode.swift; path = DetailView.swift; sourceTree = "<group>"; };
		A1B4745D2A2AAE7C005ABCB5 /* DetailRepository.swift */ = {isa = PBXFileReference; lastKnownFileType = sourcecode.swift; path = DetailRepository.swift; sourceTree = "<group>"; };
		A1B4745F2A2AB04E005ABCB5 /* DetailInteractor.swift */ = {isa = PBXFileReference; lastKnownFileType = sourcecode.swift; path = DetailInteractor.swift; sourceTree = "<group>"; };
		A1B474612A2AB241005ABCB5 /* DetailPresenter.swift */ = {isa = PBXFileReference; lastKnownFileType = sourcecode.swift; path = DetailPresenter.swift; sourceTree = "<group>"; };
		A1B474632A2ABE91005ABCB5 /* ProfileImage.swift */ = {isa = PBXFileReference; lastKnownFileType = sourcecode.swift; path = ProfileImage.swift; sourceTree = "<group>"; };
		A1B474652A2AC869005ABCB5 /* Date+Ext.swift */ = {isa = PBXFileReference; lastKnownFileType = sourcecode.swift; path = "Date+Ext.swift"; sourceTree = "<group>"; };
		A1B4746A2A2AD2F0005ABCB5 /* AgendaList.swift */ = {isa = PBXFileReference; lastKnownFileType = sourcecode.swift; path = AgendaList.swift; sourceTree = "<group>"; };
		A1B4746E2A2AD369005ABCB5 /* AgendaItem.swift */ = {isa = PBXFileReference; lastKnownFileType = sourcecode.swift; path = AgendaItem.swift; sourceTree = "<group>"; };
		A1B474702A2ADD0A005ABCB5 /* ManageParticipantSection.swift */ = {isa = PBXFileReference; lastKnownFileType = sourcecode.swift; path = ManageParticipantSection.swift; sourceTree = "<group>"; };
		A1B474722A2B23B0005ABCB5 /* DetailRouter.swift */ = {isa = PBXFileReference; lastKnownFileType = sourcecode.swift; path = DetailRouter.swift; sourceTree = "<group>"; };
		A1B474792A2B2CA5005ABCB5 /* VoteRepository.swift */ = {isa = PBXFileReference; lastKnownFileType = sourcecode.swift; path = VoteRepository.swift; sourceTree = "<group>"; };
		A1B4747B2A2B2D24005ABCB5 /* VoteInteractor.swift */ = {isa = PBXFileReference; lastKnownFileType = sourcecode.swift; path = VoteInteractor.swift; sourceTree = "<group>"; };
		A1B474842A2B3887005ABCB5 /* AddMeetingView.swift */ = {isa = PBXFileReference; lastKnownFileType = sourcecode.swift; path = AddMeetingView.swift; sourceTree = "<group>"; };
		A1B474862A2B38DB005ABCB5 /* AddMeetingPresenter.swift */ = {isa = PBXFileReference; lastKnownFileType = sourcecode.swift; path = AddMeetingPresenter.swift; sourceTree = "<group>"; };
		A1B474882A2B38EE005ABCB5 /* AddMeetingRouter.swift */ = {isa = PBXFileReference; lastKnownFileType = sourcecode.swift; path = AddMeetingRouter.swift; sourceTree = "<group>"; };
		A1B4748D2A2B44BF005ABCB5 /* MeetingForm.swift */ = {isa = PBXFileReference; lastKnownFileType = sourcecode.swift; path = MeetingForm.swift; sourceTree = "<group>"; };
		A1CF00A02A2D8545003C82CD /* MeetingInteractor.swift */ = {isa = PBXFileReference; lastKnownFileType = sourcecode.swift; path = MeetingInteractor.swift; sourceTree = "<group>"; };
		A1CF00A22A2D8595003C82CD /* MeetingRepository.swift */ = {isa = PBXFileReference; lastKnownFileType = sourcecode.swift; path = MeetingRepository.swift; sourceTree = "<group>"; };
		A1CF00A42A2D8945003C82CD /* MeetingPresenter.swift */ = {isa = PBXFileReference; lastKnownFileType = sourcecode.swift; path = MeetingPresenter.swift; sourceTree = "<group>"; };
		A1CF00A62A2D89A8003C82CD /* MeetingRouter.swift */ = {isa = PBXFileReference; lastKnownFileType = sourcecode.swift; path = MeetingRouter.swift; sourceTree = "<group>"; };
		A1DFF5AA2A2C9D1300117D9F /* MainView.swift */ = {isa = PBXFileReference; lastKnownFileType = sourcecode.swift; path = MainView.swift; sourceTree = "<group>"; };
		A1DFF5AC2A2CA71400117D9F /* MeetingView.swift */ = {isa = PBXFileReference; lastKnownFileType = sourcecode.swift; path = MeetingView.swift; sourceTree = "<group>"; };
		A1DFF5B62A2CA7B600117D9F /* ProfileView.swift */ = {isa = PBXFileReference; lastKnownFileType = sourcecode.swift; path = ProfileView.swift; sourceTree = "<group>"; };
		A1F856E42A2C39980052760C /* NewMeetingDetail.swift */ = {isa = PBXFileReference; lastKnownFileType = sourcecode.swift; path = NewMeetingDetail.swift; sourceTree = "<group>"; };
/* End PBXFileReference section */

/* Begin PBXFrameworksBuildPhase section */
		A136BE152A241ECD00B2805F /* Frameworks */ = {
			isa = PBXFrameworksBuildPhase;
			buildActionMask = 2147483647;
			files = (
				A1B4740C2A2426F0005ABCB5 /* Alamofire in Frameworks */,
			);
			runOnlyForDeploymentPostprocessing = 0;
		};
/* End PBXFrameworksBuildPhase section */

/* Begin PBXGroup section */
		A136BE0F2A241ECD00B2805F = {
			isa = PBXGroup;
			children = (
				A1B474262A256CBB005ABCB5 /* .swiftlint.yml */,
				A136BE1A2A241ECD00B2805F /* MC2KuraKura */,
				A136BE192A241ECD00B2805F /* Products */,
			);
			sourceTree = "<group>";
		};
		A136BE192A241ECD00B2805F /* Products */ = {
			isa = PBXGroup;
			children = (
				A136BE182A241ECD00B2805F /* MC2KuraKura.app */,
			);
			name = Products;
			sourceTree = "<group>";
		};
		A136BE1A2A241ECD00B2805F /* MC2KuraKura */ = {
			isa = PBXGroup;
			children = (
				A1B474002A2420BC005ABCB5 /* App */,
				A1B474012A2420C3005ABCB5 /* Core */,
				A1B474022A2420C9005ABCB5 /* Module */,
				A1B474092A242207005ABCB5 /* Supporting Files */,
				A136BE212A241ECE00B2805F /* Preview Content */,
			);
			path = MC2KuraKura;
			sourceTree = "<group>";
		};
		A136BE212A241ECE00B2805F /* Preview Content */ = {
			isa = PBXGroup;
			children = (
				A136BE222A241ECE00B2805F /* Preview Assets.xcassets */,
			);
			path = "Preview Content";
			sourceTree = "<group>";
		};
		A167DF8F2A2C18AD00D97A78 /* Components */ = {
			isa = PBXGroup;
			children = (
				A1B4748D2A2B44BF005ABCB5 /* MeetingForm.swift */,
				A167DF902A2C18CD00D97A78 /* AgendaFormCard.swift */,
				A17B6DBA2A2C15FE0097400C /* AgendaForm.swift */,
				A1F856E42A2C39980052760C /* NewMeetingDetail.swift */,
			);
			path = Components;
			sourceTree = "<group>";
		};
		A1B474002A2420BC005ABCB5 /* App */ = {
			isa = PBXGroup;
			children = (
				A136BE1B2A241ECD00B2805F /* MC2KuraKuraApp.swift */,
				A136BE1D2A241ECD00B2805F /* ContentView.swift */,
				A1DFF5AA2A2C9D1300117D9F /* MainView.swift */,
			);
			path = App;
			sourceTree = "<group>";
		};
		A1B474012A2420C3005ABCB5 /* Core */ = {
			isa = PBXGroup;
			children = (
				A1B4747E2A2B376E005ABCB5 /* Components */,
				A1B474032A2420E6005ABCB5 /* Data */,
				A1B474052A2420F4005ABCB5 /* Domain */,
				A1B474042A2420EE005ABCB5 /* DI */,
				A1B474062A2420F9005ABCB5 /* Utils */,
			);
			path = Core;
			sourceTree = "<group>";
		};
		A1B474022A2420C9005ABCB5 /* Module */ = {
			isa = PBXGroup;
			children = (
				A1B4740E2A2426FF005ABCB5 /* Auth */,
				A1DFF5B22A2CA79400117D9F /* Profile */,
				A1DFF5AE2A2CA72900117D9F /* Meeting */,
				A1B474742A2B2BAC005ABCB5 /* Vote */,
				A1B4747D2A2B368F005ABCB5 /* AddMeeting */,
				A1B4740F2A242709005ABCB5 /* Detail */,
				A1B4740D2A2426F9005ABCB5 /* Home */,
			);
			path = Module;
			sourceTree = "<group>";
		};
		A1B474032A2420E6005ABCB5 /* Data */ = {
			isa = PBXGroup;
			children = (
				A1B474102A24276B005ABCB5 /* DataSource */,
				A1B474782A2B2C31005ABCB5 /* Repository */,
			);
			path = Data;
			sourceTree = "<group>";
		};
		A1B474042A2420EE005ABCB5 /* DI */ = {
			isa = PBXGroup;
			children = (
				A1B474072A24217D005ABCB5 /* Injection.swift */,
			);
			path = DI;
			sourceTree = "<group>";
		};
		A1B474052A2420F4005ABCB5 /* Domain */ = {
			isa = PBXGroup;
			children = (
				A1B4742C2A257F97005ABCB5 /* Model */,
				A1B4742D2A257F9F005ABCB5 /* Usecase */,
			);
			path = Domain;
			sourceTree = "<group>";
		};
		A1B474062A2420F9005ABCB5 /* Utils */ = {
			isa = PBXGroup;
			children = (
				A1B474132A242A37005ABCB5 /* Extensions */,
				A1B474192A242AED005ABCB5 /* Mapper */,
				A1B4741A2A242AF2005ABCB5 /* Network */,
			);
			path = Utils;
			sourceTree = "<group>";
		};
		A1B474092A242207005ABCB5 /* Supporting Files */ = {
			isa = PBXGroup;
			children = (
				A136BE1F2A241ECE00B2805F /* Assets.xcassets */,
			);
			path = "Supporting Files";
			sourceTree = "<group>";
		};
		A1B4740D2A2426F9005ABCB5 /* Home */ = {
			isa = PBXGroup;
			children = (
				A1B4741B2A242B24005ABCB5 /* Presenter */,
				A1B4741C2A242B2C005ABCB5 /* Router */,
				A1B4741D2A242B31005ABCB5 /* View */,
			);
			path = Home;
			sourceTree = "<group>";
		};
		A1B4740E2A2426FF005ABCB5 /* Auth */ = {
			isa = PBXGroup;
			children = (
				A1B474232A242B64005ABCB5 /* Presenter */,
				A1B474222A242B60005ABCB5 /* Router */,
				A1B474212A242B59005ABCB5 /* View */,
			);
			path = Auth;
			sourceTree = "<group>";
		};
		A1B4740F2A242709005ABCB5 /* Detail */ = {
			isa = PBXGroup;
			children = (
				A1B4741E2A242B45005ABCB5 /* Presenter */,
				A1B474202A242B4E005ABCB5 /* Router */,
				A1B4741F2A242B4B005ABCB5 /* View */,
			);
			path = Detail;
			sourceTree = "<group>";
		};
		A1B474102A24276B005ABCB5 /* DataSource */ = {
			isa = PBXGroup;
			children = (
				A1B474112A242782005ABCB5 /* RemoteDataSource.swift */,
			);
			path = DataSource;
			sourceTree = "<group>";
		};
		A1B474132A242A37005ABCB5 /* Extensions */ = {
			isa = PBXGroup;
			children = (
				A1B474142A242A4D005ABCB5 /* CustomError+Ext.swift */,
				A1B474172A242AC8005ABCB5 /* Color+Ext.swift */,
				A1B474652A2AC869005ABCB5 /* Date+Ext.swift */,
			);
			path = Extensions;
			sourceTree = "<group>";
		};
		A1B474192A242AED005ABCB5 /* Mapper */ = {
			isa = PBXGroup;
			children = (
			);
			path = Mapper;
			sourceTree = "<group>";
		};
		A1B4741A2A242AF2005ABCB5 /* Network */ = {
			isa = PBXGroup;
			children = (
				A1B474362A26C033005ABCB5 /* APICall.swift */,
			);
			path = Network;
			sourceTree = "<group>";
		};
		A1B4741B2A242B24005ABCB5 /* Presenter */ = {
			isa = PBXGroup;
			children = (
				A1B4744B2A298BF1005ABCB5 /* HomePresenter.swift */,
			);
			path = Presenter;
			sourceTree = "<group>";
		};
		A1B4741C2A242B2C005ABCB5 /* Router */ = {
			isa = PBXGroup;
			children = (
				A1B474512A299088005ABCB5 /* HomeRouter.swift */,
			);
			path = Router;
			sourceTree = "<group>";
		};
		A1B4741D2A242B31005ABCB5 /* View */ = {
			isa = PBXGroup;
			children = (
				A1B474482A28B08D005ABCB5 /* Components */,
				A1B4743E2A26E30F005ABCB5 /* HomeView.swift */,
			);
			path = View;
			sourceTree = "<group>";
		};
		A1B4741E2A242B45005ABCB5 /* Presenter */ = {
			isa = PBXGroup;
			children = (
				A1B474612A2AB241005ABCB5 /* DetailPresenter.swift */,
			);
			path = Presenter;
			sourceTree = "<group>";
		};
		A1B4741F2A242B4B005ABCB5 /* View */ = {
			isa = PBXGroup;
			children = (
				A1B474672A2AD2B9005ABCB5 /* Components */,
				A1B4745B2A2AAE53005ABCB5 /* DetailView.swift */,
			);
			path = View;
			sourceTree = "<group>";
		};
		A1B474202A242B4E005ABCB5 /* Router */ = {
			isa = PBXGroup;
			children = (
				A1B474722A2B23B0005ABCB5 /* DetailRouter.swift */,
			);
			path = Router;
			sourceTree = "<group>";
		};
		A1B474212A242B59005ABCB5 /* View */ = {
			isa = PBXGroup;
			children = (
				A1B474282A2572F8005ABCB5 /* OnboardingView.swift */,
			);
			path = View;
			sourceTree = "<group>";
		};
		A1B474222A242B60005ABCB5 /* Router */ = {
			isa = PBXGroup;
			children = (
				A1B4743A2A26C6A5005ABCB5 /* OnboardingRouter.swift */,
			);
			path = Router;
			sourceTree = "<group>";
		};
		A1B474232A242B64005ABCB5 /* Presenter */ = {
			isa = PBXGroup;
			children = (
				A1B4742A2A257CE9005ABCB5 /* OnboardingPresenter.swift */,
			);
			path = Presenter;
			sourceTree = "<group>";
		};
		A1B4742C2A257F97005ABCB5 /* Model */ = {
			isa = PBXGroup;
			children = (
				A1B4742E2A257FE3005ABCB5 /* OnboardingTextModel.swift */,
				A1B474302A26BB11005ABCB5 /* MeetingModel.swift */,
				A1B474382A26C20D005ABCB5 /* UserModel.swift */,
				A1B474462A28A5D5005ABCB5 /* Agenda.swift */,
			);
			path = Model;
			sourceTree = "<group>";
		};
		A1B4742D2A257F9F005ABCB5 /* Usecase */ = {
			isa = PBXGroup;
			children = (
				A1B474322A26BC7F005ABCB5 /* OnboardingInteractor.swift */,
				A1B4744D2A298D05005ABCB5 /* HomeInteractor.swift */,
				A1B4745F2A2AB04E005ABCB5 /* DetailInteractor.swift */,
				A1B4747B2A2B2D24005ABCB5 /* VoteInteractor.swift */,
				A1CF00A02A2D8545003C82CD /* MeetingInteractor.swift */,
			);
			path = Usecase;
			sourceTree = "<group>";
		};
		A1B474482A28B08D005ABCB5 /* Components */ = {
			isa = PBXGroup;
			children = (
				A1B474572A29DF42005ABCB5 /* CodeTextFIeld.swift */,
				A1B474632A2ABE91005ABCB5 /* ProfileImage.swift */,
			);
			path = Components;
			sourceTree = "<group>";
		};
		A1B474672A2AD2B9005ABCB5 /* Components */ = {
			isa = PBXGroup;
			children = (
				A1B4746A2A2AD2F0005ABCB5 /* AgendaList.swift */,
				A1B4746E2A2AD369005ABCB5 /* AgendaItem.swift */,
				A1B474702A2ADD0A005ABCB5 /* ManageParticipantSection.swift */,
			);
			path = Components;
			sourceTree = "<group>";
		};
		A1B474742A2B2BAC005ABCB5 /* Vote */ = {
			isa = PBXGroup;
			children = (
				A1B474772A2B2BD4005ABCB5 /* Presenter */,
				A1B474762A2B2BD1005ABCB5 /* Router */,
				A1B474752A2B2BCA005ABCB5 /* View */,
			);
			path = Vote;
			sourceTree = "<group>";
		};
		A1B474752A2B2BCA005ABCB5 /* View */ = {
			isa = PBXGroup;
			children = (
			);
			path = View;
			sourceTree = "<group>";
		};
		A1B474762A2B2BD1005ABCB5 /* Router */ = {
			isa = PBXGroup;
			children = (
			);
			path = Router;
			sourceTree = "<group>";
		};
		A1B474772A2B2BD4005ABCB5 /* Presenter */ = {
			isa = PBXGroup;
			children = (
			);
			path = Presenter;
			sourceTree = "<group>";
		};
		A1B474782A2B2C31005ABCB5 /* Repository */ = {
			isa = PBXGroup;
			children = (
				A1B4745D2A2AAE7C005ABCB5 /* DetailRepository.swift */,
				A1B4744F2A298DCA005ABCB5 /* HomeRepository.swift */,
				A1B474342A26BD74005ABCB5 /* AuthRepository.swift */,
				A1B474792A2B2CA5005ABCB5 /* VoteRepository.swift */,
				A1CF00A22A2D8595003C82CD /* MeetingRepository.swift */,
			);
			path = Repository;
			sourceTree = "<group>";
		};
		A1B4747D2A2B368F005ABCB5 /* AddMeeting */ = {
			isa = PBXGroup;
			children = (
				A1B474832A2B386C005ABCB5 /* Presenter */,
				A1B474822A2B3865005ABCB5 /* Router */,
				A1B474812A2B385E005ABCB5 /* View */,
			);
			path = AddMeeting;
			sourceTree = "<group>";
		};
		A1B4747E2A2B376E005ABCB5 /* Components */ = {
			isa = PBXGroup;
			children = (
				A1B474492A28B0A7005ABCB5 /* MeetingCard.swift */,
				A17B6DB82A2B69450097400C /* CustomButton.swift */,
			);
			path = Components;
			sourceTree = "<group>";
		};
		A1B474812A2B385E005ABCB5 /* View */ = {
			isa = PBXGroup;
			children = (
				A167DF8F2A2C18AD00D97A78 /* Components */,
				A1B474842A2B3887005ABCB5 /* AddMeetingView.swift */,
			);
			path = View;
			sourceTree = "<group>";
		};
		A1B474822A2B3865005ABCB5 /* Router */ = {
			isa = PBXGroup;
			children = (
				A1B474882A2B38EE005ABCB5 /* AddMeetingRouter.swift */,
			);
			path = Router;
			sourceTree = "<group>";
		};
		A1B474832A2B386C005ABCB5 /* Presenter */ = {
			isa = PBXGroup;
			children = (
				A1B474862A2B38DB005ABCB5 /* AddMeetingPresenter.swift */,
			);
			path = Presenter;
			sourceTree = "<group>";
		};
		A1DFF5AE2A2CA72900117D9F /* Meeting */ = {
			isa = PBXGroup;
			children = (
				A1DFF5B12A2CA75C00117D9F /* Presenter */,
				A1DFF5B02A2CA75600117D9F /* Router */,
				A1DFF5AF2A2CA75100117D9F /* View */,
			);
			path = Meeting;
			sourceTree = "<group>";
		};
		A1DFF5AF2A2CA75100117D9F /* View */ = {
			isa = PBXGroup;
			children = (
				A1DFF5AC2A2CA71400117D9F /* MeetingView.swift */,
			);
			path = View;
			sourceTree = "<group>";
		};
		A1DFF5B02A2CA75600117D9F /* Router */ = {
			isa = PBXGroup;
			children = (
				A1CF00A62A2D89A8003C82CD /* MeetingRouter.swift */,
			);
			path = Router;
			sourceTree = "<group>";
		};
		A1DFF5B12A2CA75C00117D9F /* Presenter */ = {
			isa = PBXGroup;
			children = (
				A1CF00A42A2D8945003C82CD /* MeetingPresenter.swift */,
			);
			path = Presenter;
			sourceTree = "<group>";
		};
		A1DFF5B22A2CA79400117D9F /* Profile */ = {
			isa = PBXGroup;
			children = (
				A1DFF5B52A2CA7AC00117D9F /* Presenter */,
				A1DFF5B42A2CA79E00117D9F /* Router */,
				A1DFF5B32A2CA79900117D9F /* View */,
			);
			path = Profile;
			sourceTree = "<group>";
		};
		A1DFF5B32A2CA79900117D9F /* View */ = {
			isa = PBXGroup;
			children = (
				A1DFF5B62A2CA7B600117D9F /* ProfileView.swift */,
			);
			path = View;
			sourceTree = "<group>";
		};
		A1DFF5B42A2CA79E00117D9F /* Router */ = {
			isa = PBXGroup;
			children = (
			);
			path = Router;
			sourceTree = "<group>";
		};
		A1DFF5B52A2CA7AC00117D9F /* Presenter */ = {
			isa = PBXGroup;
			children = (
			);
			path = Presenter;
			sourceTree = "<group>";
		};
/* End PBXGroup section */

/* Begin PBXNativeTarget section */
		A136BE172A241ECD00B2805F /* MC2KuraKura */ = {
			isa = PBXNativeTarget;
			buildConfigurationList = A136BE262A241ECE00B2805F /* Build configuration list for PBXNativeTarget "MC2KuraKura" */;
			buildPhases = (
				A136BE142A241ECD00B2805F /* Sources */,
				A136BE152A241ECD00B2805F /* Frameworks */,
				A136BE162A241ECD00B2805F /* Resources */,
				A136BE292A241ED700B2805F /* ShellScript */,
			);
			buildRules = (
			);
			dependencies = (
			);
			name = MC2KuraKura;
			packageProductDependencies = (
				A1B4740B2A2426F0005ABCB5 /* Alamofire */,
			);
			productName = MC2KuraKura;
			productReference = A136BE182A241ECD00B2805F /* MC2KuraKura.app */;
			productType = "com.apple.product-type.application";
		};
/* End PBXNativeTarget section */

/* Begin PBXProject section */
		A136BE102A241ECD00B2805F /* Project object */ = {
			isa = PBXProject;
			attributes = {
				BuildIndependentTargetsInParallel = 1;
				LastSwiftUpdateCheck = 1430;
				LastUpgradeCheck = 1430;
				TargetAttributes = {
					A136BE172A241ECD00B2805F = {
						CreatedOnToolsVersion = 14.3;
					};
				};
			};
			buildConfigurationList = A136BE132A241ECD00B2805F /* Build configuration list for PBXProject "MC2KuraKura" */;
			compatibilityVersion = "Xcode 14.0";
			developmentRegion = en;
			hasScannedForEncodings = 0;
			knownRegions = (
				en,
				Base,
			);
			mainGroup = A136BE0F2A241ECD00B2805F;
			packageReferences = (
				A1B4740A2A2426F0005ABCB5 /* XCRemoteSwiftPackageReference "Alamofire" */,
			);
			productRefGroup = A136BE192A241ECD00B2805F /* Products */;
			projectDirPath = "";
			projectRoot = "";
			targets = (
				A136BE172A241ECD00B2805F /* MC2KuraKura */,
			);
		};
/* End PBXProject section */

/* Begin PBXResourcesBuildPhase section */
		A136BE162A241ECD00B2805F /* Resources */ = {
			isa = PBXResourcesBuildPhase;
			buildActionMask = 2147483647;
			files = (
				A1B474272A256CBB005ABCB5 /* .swiftlint.yml in Resources */,
				A136BE232A241ECE00B2805F /* Preview Assets.xcassets in Resources */,
				A136BE202A241ECE00B2805F /* Assets.xcassets in Resources */,
			);
			runOnlyForDeploymentPostprocessing = 0;
		};
/* End PBXResourcesBuildPhase section */

/* Begin PBXShellScriptBuildPhase section */
		A136BE292A241ED700B2805F /* ShellScript */ = {
			isa = PBXShellScriptBuildPhase;
			buildActionMask = 2147483647;
			files = (
			);
			inputFileListPaths = (
			);
			inputPaths = (
			);
			outputFileListPaths = (
			);
			outputPaths = (
			);
			runOnlyForDeploymentPostprocessing = 0;
			shellPath = /bin/sh;
			shellScript = "# Type a script or drag a script file from your workspace to insert its path.\nif [[ \"$(uname -m)\" == arm64 ]]; then\n    export PATH=\"/opt/homebrew/bin:$PATH\"\nfi\n\n\n\nif which swiftlint >/dev/null; then \n  swiftlint \nelse \n  echo \"warning: SwiftLint not installed, download from https://github.com/realm/SwiftLint\" \nfi\n";
		};
/* End PBXShellScriptBuildPhase section */

/* Begin PBXSourcesBuildPhase section */
		A136BE142A241ECD00B2805F /* Sources */ = {
			isa = PBXSourcesBuildPhase;
			buildActionMask = 2147483647;
			files = (
				A1B474472A28A5D5005ABCB5 /* Agenda.swift in Sources */,
				A1B4747C2A2B2D24005ABCB5 /* VoteInteractor.swift in Sources */,
				A1B4745C2A2AAE53005ABCB5 /* DetailView.swift in Sources */,
				A1F856E52A2C39980052760C /* NewMeetingDetail.swift in Sources */,
				A1CF00A72A2D89A8003C82CD /* MeetingRouter.swift in Sources */,
				A1CF00A12A2D8545003C82CD /* MeetingInteractor.swift in Sources */,
				A1B474622A2AB241005ABCB5 /* DetailPresenter.swift in Sources */,
				A17B6DB92A2B69450097400C /* CustomButton.swift in Sources */,
				A1B474502A298DCA005ABCB5 /* HomeRepository.swift in Sources */,
				A1B474152A242A4D005ABCB5 /* CustomError+Ext.swift in Sources */,
				A1B474332A26BC7F005ABCB5 /* OnboardingInteractor.swift in Sources */,
				A1B4746F2A2AD369005ABCB5 /* AgendaItem.swift in Sources */,
				A1CF00A32A2D8595003C82CD /* MeetingRepository.swift in Sources */,
				A1CF00A52A2D8945003C82CD /* MeetingPresenter.swift in Sources */,
				A1B4744E2A298D05005ABCB5 /* HomeInteractor.swift in Sources */,
				A1B4744A2A28B0A7005ABCB5 /* MeetingCard.swift in Sources */,
				A1B4743F2A26E30F005ABCB5 /* HomeView.swift in Sources */,
				A1B4746B2A2AD2F0005ABCB5 /* AgendaList.swift in Sources */,
				A1B474872A2B38DB005ABCB5 /* AddMeetingPresenter.swift in Sources */,
				A1B474642A2ABE91005ABCB5 /* ProfileImage.swift in Sources */,
				A1B474732A2B23B0005ABCB5 /* DetailRouter.swift in Sources */,
				A1DFF5AD2A2CA71400117D9F /* MeetingView.swift in Sources */,
				A1B474892A2B38EE005ABCB5 /* AddMeetingRouter.swift in Sources */,
				A1B474292A2572F8005ABCB5 /* OnboardingView.swift in Sources */,
				A1B474122A242782005ABCB5 /* RemoteDataSource.swift in Sources */,
				A17B6DBB2A2C15FE0097400C /* AgendaForm.swift in Sources */,
				A1B474852A2B3887005ABCB5 /* AddMeetingView.swift in Sources */,
				A1B474712A2ADD0A005ABCB5 /* ManageParticipantSection.swift in Sources */,
				A1B474662A2AC869005ABCB5 /* Date+Ext.swift in Sources */,
				A1B474082A24217D005ABCB5 /* Injection.swift in Sources */,
				A1B4742F2A257FE3005ABCB5 /* OnboardingTextModel.swift in Sources */,
				A1B474392A26C20D005ABCB5 /* UserModel.swift in Sources */,
				A1B474312A26BB11005ABCB5 /* MeetingModel.swift in Sources */,
				A167DF912A2C18CD00D97A78 /* AgendaFormCard.swift in Sources */,
				A1DFF5AB2A2C9D1300117D9F /* MainView.swift in Sources */,
				A1B474602A2AB04E005ABCB5 /* DetailInteractor.swift in Sources */,
				A136BE1E2A241ECD00B2805F /* ContentView.swift in Sources */,
				A136BE1C2A241ECD00B2805F /* MC2KuraKuraApp.swift in Sources */,
				A1B4748E2A2B44BF005ABCB5 /* MeetingForm.swift in Sources */,
				A1B4743B2A26C6A5005ABCB5 /* OnboardingRouter.swift in Sources */,
				A1B4744C2A298BF1005ABCB5 /* HomePresenter.swift in Sources */,
				A1B474582A29DF42005ABCB5 /* CodeTextFIeld.swift in Sources */,
				A1B4745E2A2AAE7C005ABCB5 /* DetailRepository.swift in Sources */,
				A1B474352A26BD74005ABCB5 /* AuthRepository.swift in Sources */,
				A1DFF5B72A2CA7B600117D9F /* ProfileView.swift in Sources */,
				A1B474182A242AC8005ABCB5 /* Color+Ext.swift in Sources */,
				A1B4742B2A257CE9005ABCB5 /* OnboardingPresenter.swift in Sources */,
				A1B4747A2A2B2CA5005ABCB5 /* VoteRepository.swift in Sources */,
				A1B474372A26C033005ABCB5 /* APICall.swift in Sources */,
				A1B474522A299088005ABCB5 /* HomeRouter.swift in Sources */,
			);
			runOnlyForDeploymentPostprocessing = 0;
		};
/* End PBXSourcesBuildPhase section */

/* Begin XCBuildConfiguration section */
		A136BE242A241ECE00B2805F /* Debug */ = {
			isa = XCBuildConfiguration;
			buildSettings = {
				ALWAYS_SEARCH_USER_PATHS = NO;
				CLANG_ANALYZER_NONNULL = YES;
				CLANG_ANALYZER_NUMBER_OBJECT_CONVERSION = YES_AGGRESSIVE;
				CLANG_CXX_LANGUAGE_STANDARD = "gnu++20";
				CLANG_ENABLE_MODULES = YES;
				CLANG_ENABLE_OBJC_ARC = YES;
				CLANG_ENABLE_OBJC_WEAK = YES;
				CLANG_WARN_BLOCK_CAPTURE_AUTORELEASING = YES;
				CLANG_WARN_BOOL_CONVERSION = YES;
				CLANG_WARN_COMMA = YES;
				CLANG_WARN_CONSTANT_CONVERSION = YES;
				CLANG_WARN_DEPRECATED_OBJC_IMPLEMENTATIONS = YES;
				CLANG_WARN_DIRECT_OBJC_ISA_USAGE = YES_ERROR;
				CLANG_WARN_DOCUMENTATION_COMMENTS = YES;
				CLANG_WARN_EMPTY_BODY = YES;
				CLANG_WARN_ENUM_CONVERSION = YES;
				CLANG_WARN_INFINITE_RECURSION = YES;
				CLANG_WARN_INT_CONVERSION = YES;
				CLANG_WARN_NON_LITERAL_NULL_CONVERSION = YES;
				CLANG_WARN_OBJC_IMPLICIT_RETAIN_SELF = YES;
				CLANG_WARN_OBJC_LITERAL_CONVERSION = YES;
				CLANG_WARN_OBJC_ROOT_CLASS = YES_ERROR;
				CLANG_WARN_QUOTED_INCLUDE_IN_FRAMEWORK_HEADER = YES;
				CLANG_WARN_RANGE_LOOP_ANALYSIS = YES;
				CLANG_WARN_STRICT_PROTOTYPES = YES;
				CLANG_WARN_SUSPICIOUS_MOVE = YES;
				CLANG_WARN_UNGUARDED_AVAILABILITY = YES_AGGRESSIVE;
				CLANG_WARN_UNREACHABLE_CODE = YES;
				CLANG_WARN__DUPLICATE_METHOD_MATCH = YES;
				COPY_PHASE_STRIP = NO;
				DEBUG_INFORMATION_FORMAT = dwarf;
				ENABLE_STRICT_OBJC_MSGSEND = YES;
				ENABLE_TESTABILITY = YES;
				GCC_C_LANGUAGE_STANDARD = gnu11;
				GCC_DYNAMIC_NO_PIC = NO;
				GCC_NO_COMMON_BLOCKS = YES;
				GCC_OPTIMIZATION_LEVEL = 0;
				GCC_PREPROCESSOR_DEFINITIONS = (
					"DEBUG=1",
					"$(inherited)",
				);
				GCC_WARN_64_TO_32_BIT_CONVERSION = YES;
				GCC_WARN_ABOUT_RETURN_TYPE = YES_ERROR;
				GCC_WARN_UNDECLARED_SELECTOR = YES;
				GCC_WARN_UNINITIALIZED_AUTOS = YES_AGGRESSIVE;
				GCC_WARN_UNUSED_FUNCTION = YES;
				GCC_WARN_UNUSED_VARIABLE = YES;
				IPHONEOS_DEPLOYMENT_TARGET = 16.4;
				MTL_ENABLE_DEBUG_INFO = INCLUDE_SOURCE;
				MTL_FAST_MATH = YES;
				ONLY_ACTIVE_ARCH = YES;
				SDKROOT = iphoneos;
				SWIFT_ACTIVE_COMPILATION_CONDITIONS = DEBUG;
				SWIFT_OPTIMIZATION_LEVEL = "-Onone";
			};
			name = Debug;
		};
		A136BE252A241ECE00B2805F /* Release */ = {
			isa = XCBuildConfiguration;
			buildSettings = {
				ALWAYS_SEARCH_USER_PATHS = NO;
				CLANG_ANALYZER_NONNULL = YES;
				CLANG_ANALYZER_NUMBER_OBJECT_CONVERSION = YES_AGGRESSIVE;
				CLANG_CXX_LANGUAGE_STANDARD = "gnu++20";
				CLANG_ENABLE_MODULES = YES;
				CLANG_ENABLE_OBJC_ARC = YES;
				CLANG_ENABLE_OBJC_WEAK = YES;
				CLANG_WARN_BLOCK_CAPTURE_AUTORELEASING = YES;
				CLANG_WARN_BOOL_CONVERSION = YES;
				CLANG_WARN_COMMA = YES;
				CLANG_WARN_CONSTANT_CONVERSION = YES;
				CLANG_WARN_DEPRECATED_OBJC_IMPLEMENTATIONS = YES;
				CLANG_WARN_DIRECT_OBJC_ISA_USAGE = YES_ERROR;
				CLANG_WARN_DOCUMENTATION_COMMENTS = YES;
				CLANG_WARN_EMPTY_BODY = YES;
				CLANG_WARN_ENUM_CONVERSION = YES;
				CLANG_WARN_INFINITE_RECURSION = YES;
				CLANG_WARN_INT_CONVERSION = YES;
				CLANG_WARN_NON_LITERAL_NULL_CONVERSION = YES;
				CLANG_WARN_OBJC_IMPLICIT_RETAIN_SELF = YES;
				CLANG_WARN_OBJC_LITERAL_CONVERSION = YES;
				CLANG_WARN_OBJC_ROOT_CLASS = YES_ERROR;
				CLANG_WARN_QUOTED_INCLUDE_IN_FRAMEWORK_HEADER = YES;
				CLANG_WARN_RANGE_LOOP_ANALYSIS = YES;
				CLANG_WARN_STRICT_PROTOTYPES = YES;
				CLANG_WARN_SUSPICIOUS_MOVE = YES;
				CLANG_WARN_UNGUARDED_AVAILABILITY = YES_AGGRESSIVE;
				CLANG_WARN_UNREACHABLE_CODE = YES;
				CLANG_WARN__DUPLICATE_METHOD_MATCH = YES;
				COPY_PHASE_STRIP = NO;
				DEBUG_INFORMATION_FORMAT = "dwarf-with-dsym";
				ENABLE_NS_ASSERTIONS = NO;
				ENABLE_STRICT_OBJC_MSGSEND = YES;
				GCC_C_LANGUAGE_STANDARD = gnu11;
				GCC_NO_COMMON_BLOCKS = YES;
				GCC_WARN_64_TO_32_BIT_CONVERSION = YES;
				GCC_WARN_ABOUT_RETURN_TYPE = YES_ERROR;
				GCC_WARN_UNDECLARED_SELECTOR = YES;
				GCC_WARN_UNINITIALIZED_AUTOS = YES_AGGRESSIVE;
				GCC_WARN_UNUSED_FUNCTION = YES;
				GCC_WARN_UNUSED_VARIABLE = YES;
				IPHONEOS_DEPLOYMENT_TARGET = 16.4;
				MTL_ENABLE_DEBUG_INFO = NO;
				MTL_FAST_MATH = YES;
				SDKROOT = iphoneos;
				SWIFT_COMPILATION_MODE = wholemodule;
				SWIFT_OPTIMIZATION_LEVEL = "-O";
				VALIDATE_PRODUCT = YES;
			};
			name = Release;
		};
		A136BE272A241ECE00B2805F /* Debug */ = {
			isa = XCBuildConfiguration;
			buildSettings = {
				ASSETCATALOG_COMPILER_APPICON_NAME = AppIcon;
				ASSETCATALOG_COMPILER_GLOBAL_ACCENT_COLOR_NAME = AccentColor;
				CODE_SIGN_STYLE = Automatic;
				CURRENT_PROJECT_VERSION = 1;
				DEVELOPMENT_ASSET_PATHS = "\"MC2KuraKura/Preview Content\"";
				DEVELOPMENT_TEAM = TRT66C4U5G;
				ENABLE_PREVIEWS = YES;
				GENERATE_INFOPLIST_FILE = YES;
				INFOPLIST_KEY_UIApplicationSceneManifest_Generation = YES;
				INFOPLIST_KEY_UIApplicationSupportsIndirectInputEvents = YES;
				INFOPLIST_KEY_UILaunchScreen_Generation = YES;
				INFOPLIST_KEY_UISupportedInterfaceOrientations_iPad = "UIInterfaceOrientationPortrait UIInterfaceOrientationPortraitUpsideDown UIInterfaceOrientationLandscapeLeft UIInterfaceOrientationLandscapeRight";
				INFOPLIST_KEY_UISupportedInterfaceOrientations_iPhone = "UIInterfaceOrientationPortrait UIInterfaceOrientationLandscapeLeft UIInterfaceOrientationLandscapeRight";
				LD_RUNPATH_SEARCH_PATHS = (
					"$(inherited)",
					"@executable_path/Frameworks",
				);
				MARKETING_VERSION = 1.0;
				PRODUCT_BUNDLE_IDENTIFIER = com.alfyu.MC2KuraKura;
				PRODUCT_NAME = "$(TARGET_NAME)";
				SWIFT_EMIT_LOC_STRINGS = YES;
				SWIFT_VERSION = 5.0;
				TARGETED_DEVICE_FAMILY = "1,2";
			};
			name = Debug;
		};
		A136BE282A241ECE00B2805F /* Release */ = {
			isa = XCBuildConfiguration;
			buildSettings = {
				ASSETCATALOG_COMPILER_APPICON_NAME = AppIcon;
				ASSETCATALOG_COMPILER_GLOBAL_ACCENT_COLOR_NAME = AccentColor;
				CODE_SIGN_STYLE = Automatic;
				CURRENT_PROJECT_VERSION = 1;
				DEVELOPMENT_ASSET_PATHS = "\"MC2KuraKura/Preview Content\"";
				DEVELOPMENT_TEAM = TRT66C4U5G;
				ENABLE_PREVIEWS = YES;
				GENERATE_INFOPLIST_FILE = YES;
				INFOPLIST_KEY_UIApplicationSceneManifest_Generation = YES;
				INFOPLIST_KEY_UIApplicationSupportsIndirectInputEvents = YES;
				INFOPLIST_KEY_UILaunchScreen_Generation = YES;
				INFOPLIST_KEY_UISupportedInterfaceOrientations_iPad = "UIInterfaceOrientationPortrait UIInterfaceOrientationPortraitUpsideDown UIInterfaceOrientationLandscapeLeft UIInterfaceOrientationLandscapeRight";
				INFOPLIST_KEY_UISupportedInterfaceOrientations_iPhone = "UIInterfaceOrientationPortrait UIInterfaceOrientationLandscapeLeft UIInterfaceOrientationLandscapeRight";
				LD_RUNPATH_SEARCH_PATHS = (
					"$(inherited)",
					"@executable_path/Frameworks",
				);
				MARKETING_VERSION = 1.0;
				PRODUCT_BUNDLE_IDENTIFIER = com.alfyu.MC2KuraKura;
				PRODUCT_NAME = "$(TARGET_NAME)";
				SWIFT_EMIT_LOC_STRINGS = YES;
				SWIFT_VERSION = 5.0;
				TARGETED_DEVICE_FAMILY = "1,2";
			};
			name = Release;
		};
/* End XCBuildConfiguration section */

/* Begin XCConfigurationList section */
		A136BE132A241ECD00B2805F /* Build configuration list for PBXProject "MC2KuraKura" */ = {
			isa = XCConfigurationList;
			buildConfigurations = (
				A136BE242A241ECE00B2805F /* Debug */,
				A136BE252A241ECE00B2805F /* Release */,
			);
			defaultConfigurationIsVisible = 0;
			defaultConfigurationName = Release;
		};
		A136BE262A241ECE00B2805F /* Build configuration list for PBXNativeTarget "MC2KuraKura" */ = {
			isa = XCConfigurationList;
			buildConfigurations = (
				A136BE272A241ECE00B2805F /* Debug */,
				A136BE282A241ECE00B2805F /* Release */,
			);
			defaultConfigurationIsVisible = 0;
			defaultConfigurationName = Release;
		};
/* End XCConfigurationList section */

/* Begin XCRemoteSwiftPackageReference section */
		A1B4740A2A2426F0005ABCB5 /* XCRemoteSwiftPackageReference "Alamofire" */ = {
			isa = XCRemoteSwiftPackageReference;
			repositoryURL = "https://github.com/Alamofire/Alamofire.git";
			requirement = {
				kind = upToNextMajorVersion;
				minimumVersion = 5.0.0;
			};
		};
/* End XCRemoteSwiftPackageReference section */

/* Begin XCSwiftPackageProductDependency section */
		A1B4740B2A2426F0005ABCB5 /* Alamofire */ = {
			isa = XCSwiftPackageProductDependency;
			package = A1B4740A2A2426F0005ABCB5 /* XCRemoteSwiftPackageReference "Alamofire" */;
			productName = Alamofire;
		};
/* End XCSwiftPackageProductDependency section */
	};
	rootObject = A136BE102A241ECD00B2805F /* Project object */;
}
